
Microsoft Visual Studio Solution File, Format Version 12.00
# Visual Studio Version 17
VisualStudioVersion = 17.8.34330.188
MinimumVisualStudioVersion = 10.0.40219.1
Project("{FAE04EC0-301F-11D3-BF4B-00C04F79EFBC}") = "BookMVCDotnet", "BookMVCDotnet\BookMVCDotnet.csproj", "{01F5B6C7-5DC1-4025-B531-E25D2DE3AE41}"
EndProject
Global
	GlobalSection(SolutionConfigurationPlatforms) = preSolution
		Debug|Any CPU = Debug|Any CPU
		Release|Any CPU = Release|Any CPU
	EndGlobalSection
	GlobalSection(ProjectConfigurationPlatforms) = postSolution
		{01F5B6C7-5DC1-4025-B531-E25D2DE3AE41}.Debug|Any CPU.ActiveCfg = Debug|Any CPU
		{01F5B6C7-5DC1-4025-B531-E25D2DE3AE41}.Debug|Any CPU.Build.0 = Debug|Any CPU
		{01F5B6C7-5DC1-4025-B531-E25D2DE3AE41}.Release|Any CPU.ActiveCfg = Release|Any CPU
		{01F5B6C7-5DC1-4025-B531-E25D2DE3AE41}.Release|Any CPU.Build.0 = Release|Any CPU
	EndGlobalSection
	GlobalSection(SolutionProperties) = preSolution
		HideSolutionNode = FALSE
	EndGlobalSection
	GlobalSection(ExtensibilityGlobals) = postSolution
		SolutionGuid = {5F45895E-544F-4772-829A-530FA5CFE983}
	EndGlobalSection
EndGlobal
